
Microsoft Visual Studio Solution File, Format Version 12.00
# Visual Studio Version 17
VisualStudioVersion = 17.14.36518.9 d17.14
MinimumVisualStudioVersion = 10.0.40219.1
Project("{FAE04EC0-301F-11D3-BF4B-00C04F79EFBC}") = "NotesApi", "NotesApi\NotesApi.csproj", "{1847691C-2ECE-43FB-BDCA-9A81D303C1DB}"
EndProject
Global
	GlobalSection(SolutionConfigurationPlatforms) = preSolution
		Debug|Any CPU = Debug|Any CPU
		Release|Any CPU = Release|Any CPU
	EndGlobalSection
	GlobalSection(ProjectConfigurationPlatforms) = postSolution
		{1847691C-2ECE-43FB-BDCA-9A81D303C1DB}.Debug|Any CPU.ActiveCfg = Debug|Any CPU
		{1847691C-2ECE-43FB-BDCA-9A81D303C1DB}.Debug|Any CPU.Build.0 = Debug|Any CPU
		{1847691C-2ECE-43FB-BDCA-9A81D303C1DB}.Release|Any CPU.ActiveCfg = Release|Any CPU
		{1847691C-2ECE-43FB-BDCA-9A81D303C1DB}.Release|Any CPU.Build.0 = Release|Any CPU
	EndGlobalSection
	GlobalSection(SolutionProperties) = preSolution
		HideSolutionNode = FALSE
	EndGlobalSection
	GlobalSection(ExtensibilityGlobals) = postSolution
		SolutionGuid = {214D71E7-FE69-4B33-BDB0-76B12975D8DF}
	EndGlobalSection
EndGlobal
